
Microsoft Visual Studio Solution File, Format Version 12.00
# Visual Studio Version 17
VisualStudioVersion = 17.0.31903.59
MinimumVisualStudioVersion = 10.0.40219.1
Project("{FAE04EC0-301F-11D3-BF4B-00C04F79EFBC}") = "LightRMQ", "LightRMQ\LightRMQ.csproj", "{73B280B4-7626-459D-9190-3196916737CD}"
EndProject
Project("{FAE04EC0-301F-11D3-BF4B-00C04F79EFBC}") = "LightRMQ.Example", "LightRMQ.Example\LightRMQ.Example.csproj", "{A29C8130-F7CC-4D97-9025-67CE2F558D4E}"
EndProject
Global
	GlobalSection(SolutionConfigurationPlatforms) = preSolution
		Debug|Any CPU = Debug|Any CPU
		Release|Any CPU = Release|Any CPU
	EndGlobalSection
	GlobalSection(ProjectConfigurationPlatforms) = postSolution
		{73B280B4-7626-459D-9190-3196916737CD}.Debug|Any CPU.ActiveCfg = Debug|Any CPU
		{73B280B4-7626-459D-9190-3196916737CD}.Debug|Any CPU.Build.0 = Debug|Any CPU
		{73B280B4-7626-459D-9190-3196916737CD}.Release|Any CPU.ActiveCfg = Release|Any CPU
		{73B280B4-7626-459D-9190-3196916737CD}.Release|Any CPU.Build.0 = Release|Any CPU
		{A29C8130-F7CC-4D97-9025-67CE2F558D4E}.Debug|Any CPU.ActiveCfg = Debug|Any CPU
		{A29C8130-F7CC-4D97-9025-67CE2F558D4E}.Debug|Any CPU.Build.0 = Debug|Any CPU
		{A29C8130-F7CC-4D97-9025-67CE2F558D4E}.Release|Any CPU.ActiveCfg = Release|Any CPU
		{A29C8130-F7CC-4D97-9025-67CE2F558D4E}.Release|Any CPU.Build.0 = Release|Any CPU
	EndGlobalSection
	GlobalSection(SolutionProperties) = preSolution
		HideSolutionNode = FALSE
	EndGlobalSection
EndGlobal
